{
  "name": "distribution",
  "version": "1.0.0",
  "lockfileVersion": 1,
  "requires": true,
  "dependencies": {
    "clamp": {
      "version": "1.0.1",
      "resolved": "https://registry.npmjs.org/clamp/-/clamp-1.0.1.tgz",
      "integrity": "sha1-ZqDmQBGBbjcZaCj9yMjBRzEshjQ="
    },
    "express-validator": {
      "version": "6.1.1",
      "resolved": "https://registry.npmjs.org/express-validator/-/express-validator-6.1.1.tgz",
      "integrity": "sha512-AF6YOhdDiCU7tUOO/OHp2W++I3qpYX7EInMmEEcRGOjs+qoubwgc5s6Wo3OQgxwsWRGCxXlrF73SIDEmY4y3wg==",
      "requires": {
        "lodash": "^4.17.11",
        "validator": "^11.0.0"
      }
    },
    "has-symbols": {
      "version": "1.0.0",
      "resolved": "https://registry.npmjs.org/has-symbols/-/has-symbols-1.0.0.tgz",
      "integrity": "sha1-uhqPGvKg/DllD1yFA2dwQSIGO0Q="
    },
    "is-function": {
      "version": "1.0.1",
      "resolved": "https://registry.npmjs.org/is-function/-/is-function-1.0.1.tgz",
      "integrity": "sha1-Es+5i2W1fdPRk6MSH19uL0N2ArU="
    },
    "is-nil": {
      "version": "1.0.1",
      "resolved": "https://registry.npmjs.org/is-nil/-/is-nil-1.0.1.tgz",
      "integrity": "sha1-LauingtYUGOHXntTnQcfWxWTeWk="
    },
    "is-object": {
      "version": "1.0.1",
      "resolved": "https://registry.npmjs.org/is-object/-/is-object-1.0.1.tgz",
      "integrity": "sha1-iVJojF7C/9awPsyF52ngKQMINHA="
    },
    "is-symbol": {
      "version": "1.0.2",
      "resolved": "https://registry.npmjs.org/is-symbol/-/is-symbol-1.0.2.tgz",
      "integrity": "sha512-HS8bZ9ox60yCJLH9snBpIwv9pYUAkcuLhSA1oero1UB5y9aiQpRA8y2ex945AOtCZL1lJDeIk3G5LthswI46Lw==",
      "requires": {
        "has-symbols": "^1.0.0"
      }
    },
    "lodash": {
      "version": "4.17.15",
      "resolved": "https://registry.npmjs.org/lodash/-/lodash-4.17.15.tgz",
      "integrity": "sha512-8xOcRHvCjnocdS5cpwXQXVzmmh5e5+saE2QGoeQmbKmRS6J3VQppPOIt0MnmE+4xlZoumy0GPG0D0MVIQbNA1A=="
    },
    "max-safe-int": {
      "version": "1.0.0",
      "resolved": "https://registry.npmjs.org/max-safe-int/-/max-safe-int-1.0.0.tgz",
      "integrity": "sha1-RPuo7Jk97ZH7LFo15xz5yfNpzlI="
    },
    "object-assign": {
      "version": "4.1.1",
      "resolved": "https://registry.npmjs.org/object-assign/-/object-assign-4.1.1.tgz",
      "integrity": "sha1-IQmtx5ZYh8/AXLvUQsrIv7s2CGM="
    },
    "random-coordinates": {
      "version": "1.0.1",
      "resolved": "https://registry.npmjs.org/random-coordinates/-/random-coordinates-1.0.1.tgz",
      "integrity": "sha1-OoTRnHXIt54tYPE0McDKRGgY7Co=",
      "requires": {
        "random-latitude": "^1.0.1",
        "random-longitude": "^1.0.1"
      }
    },
    "random-floating": {
      "version": "1.0.1",
      "resolved": "https://registry.npmjs.org/random-floating/-/random-floating-1.0.1.tgz",
      "integrity": "sha1-9WkFUKg5BQMbVbaCiTXDPeha9wY=",
      "requires": {
        "clamp": "^1.0.1",
        "max-safe-int": "^1.0.0",
        "random-integral": "^1.0.3",
        "to-integer": "^1.0.1",
        "tofixed": "^1.0.0"
      }
    },
    "random-integral": {
      "version": "1.0.3",
      "resolved": "https://registry.npmjs.org/random-integral/-/random-integral-1.0.3.tgz",
      "integrity": "sha1-j/PBF1ZcmgS2bd1VnzrtKb0PD2w=",
      "requires": {
        "clamp": "^1.0.1",
        "max-safe-int": "^1.0.0",
        "to-integer": "^1.0.1"
      }
    },
    "random-latitude": {
      "version": "1.0.1",
      "resolved": "https://registry.npmjs.org/random-latitude/-/random-latitude-1.0.1.tgz",
      "integrity": "sha1-W94HjNupM/iRzZGC1Inpx9mxF84=",
      "requires": {
        "clamp": "^1.0.1",
        "object-assign": "^4.0.1",
        "random-floating": "^1.0.1"
      }
    },
    "random-longitude": {
      "version": "1.0.1",
      "resolved": "https://registry.npmjs.org/random-longitude/-/random-longitude-1.0.1.tgz",
      "integrity": "sha1-XGwk8g4IjsEv4xMdzYJVDCG6JxE=",
      "requires": {
        "clamp": "^1.0.1",
        "object-assign": "^4.0.1",
        "random-floating": "^1.0.1"
      }
    },
    "to-integer": {
      "version": "1.0.1",
      "resolved": "https://registry.npmjs.org/to-integer/-/to-integer-1.0.1.tgz",
      "integrity": "sha1-URrUHc5qk3MKjztuNaFk/YKUZNo=",
      "requires": {
        "is-function": "^1.0.1",
        "is-nil": "^1.0.0",
        "is-object": "^1.0.1",
        "is-symbol": "^1.0.1"
      }
    },
    "tofixed": {
      "version": "1.0.0",
      "resolved": "https://registry.npmjs.org/tofixed/-/tofixed-1.0.0.tgz",
      "integrity": "sha1-bcBtVFvJm9OgfWydXKxNfFj4qwc="
    },
    "validator": {
      "version": "11.1.0",
      "resolved": "https://registry.npmjs.org/validator/-/validator-11.1.0.tgz",
      "integrity": "sha512-qiQ5ktdO7CD6C/5/mYV4jku/7qnqzjrxb3C/Q5wR3vGGinHTgJZN/TdFT3ZX4vXhX2R1PXx42fB1cn5W+uJ4lg=="
    }
  }
}
